
Microsoft Visual Studio Solution File, Format Version 12.00
# Visual Studio 15
Project("{FAE04EC0-301F-11D3-BF4B-00C04F79EFBC}") = "Assembly-CSharp", "Assembly-CSharp.csproj", "{8FDAD254-CD32-80B8-7CF1-22A4E6E8AF0A}"
EndProject
Project("{FAE04EC0-301F-11D3-BF4B-00C04F79EFBC}") = "Assembly-CSharp-Editor", "Assembly-CSharp-Editor.csproj", "{31D465E5-CA2F-0E15-C120-8EE2175400F3}"
EndProject
Global
	GlobalSection(SolutionConfigurationPlatforms) = preSolution
		Debug|Any CPU = Debug|Any CPU
		Release|Any CPU = Release|Any CPU
	EndGlobalSection
	GlobalSection(ProjectConfigurationPlatforms) = postSolution
		{8FDAD254-CD32-80B8-7CF1-22A4E6E8AF0A}.Debug|Any CPU.ActiveCfg = Debug|Any CPU
		{8FDAD254-CD32-80B8-7CF1-22A4E6E8AF0A}.Debug|Any CPU.Build.0 = Debug|Any CPU
		{8FDAD254-CD32-80B8-7CF1-22A4E6E8AF0A}.Release|Any CPU.ActiveCfg = Release|Any CPU
		{8FDAD254-CD32-80B8-7CF1-22A4E6E8AF0A}.Release|Any CPU.Build.0 = Release|Any CPU
		{31D465E5-CA2F-0E15-C120-8EE2175400F3}.Debug|Any CPU.ActiveCfg = Debug|Any CPU
		{31D465E5-CA2F-0E15-C120-8EE2175400F3}.Debug|Any CPU.Build.0 = Debug|Any CPU
		{31D465E5-CA2F-0E15-C120-8EE2175400F3}.Release|Any CPU.ActiveCfg = Release|Any CPU
		{31D465E5-CA2F-0E15-C120-8EE2175400F3}.Release|Any CPU.Build.0 = Release|Any CPU
	EndGlobalSection
	GlobalSection(SolutionProperties) = preSolution
		HideSolutionNode = FALSE
	EndGlobalSection
EndGlobal
